// !$*UTF8*$!
{
	archiveVersion = 1;
	classes = {
	};
	objectVersion = 48;
	objects = {

/* Begin PBXBuildFile section */
		0C331422208F274A00405420 /* NotificationService.appex in Embed App Extensions */ = {isa = PBXBuildFile; fileRef = 0C33141A208F274A00405420 /* NotificationService.appex */; settings = {ATTRIBUTES = (RemoveHeadersOnCopy, ); }; };
		0C52715020AEDD670047A186 /* AppDelegate.swift in Sources */ = {isa = PBXBuildFile; fileRef = 0C52714F20AEDD670047A186 /* AppDelegate.swift */; };
		0C52715220AEE35A0047A186 /* ViewController.swift in Sources */ = {isa = PBXBuildFile; fileRef = 0C52715120AEE35A0047A186 /* ViewController.swift */; };
		0C52715520AEE4A70047A186 /* NotificationService.swift in Sources */ = {isa = PBXBuildFile; fileRef = 0C52715420AEE4A70047A186 /* NotificationService.swift */; };
		0C52715620AEE6540047A186 /* GoogleService-Info.plist in Resources */ = {isa = PBXBuildFile; fileRef = 2D1823FC205BCFFB00783CE6 /* GoogleService-Info.plist */; };
		2DF1DA7C2057B05D00CC56B0 /* Main.storyboard in Resources */ = {isa = PBXBuildFile; fileRef = 2DF1DA7A2057B05D00CC56B0 /* Main.storyboard */; };
		2DF1DA7E2057B05D00CC56B0 /* Assets.xcassets in Resources */ = {isa = PBXBuildFile; fileRef = 2DF1DA7D2057B05D00CC56B0 /* Assets.xcassets */; };
		2DF1DA812057B05D00CC56B0 /* LaunchScreen.storyboard in Resources */ = {isa = PBXBuildFile; fileRef = 2DF1DA7F2057B05D00CC56B0 /* LaunchScreen.storyboard */; };
		C7F86DA10FD81DD2134EFE7A /* libPods-KarteTrackerSample.a in Frameworks */ = {isa = PBXBuildFile; fileRef = 91758362C86788F149EED5BD /* libPods-KarteTrackerSample.a */; };
		EC58224210921784B951A700 /* libPods-NotificationService.a in Frameworks */ = {isa = PBXBuildFile; fileRef = C2BEDDF2062C9E095FBE79E5 /* libPods-NotificationService.a */; };
/* End PBXBuildFile section */

/* Begin PBXContainerItemProxy section */
		0C331420208F274A00405420 /* PBXContainerItemProxy */ = {
			isa = PBXContainerItemProxy;
			containerPortal = 2DF1DA692057B05D00CC56B0 /* Project object */;
			proxyType = 1;
			remoteGlobalIDString = 0C331419208F274A00405420;
			remoteInfo = NotificationService;
		};
/* End PBXContainerItemProxy section */

/* Begin PBXCopyFilesBuildPhase section */
		0C331426208F274A00405420 /* Embed App Extensions */ = {
			isa = PBXCopyFilesBuildPhase;
			buildActionMask = 2147483647;
			dstPath = "";
			dstSubfolderSpec = 13;
			files = (
				0C331422208F274A00405420 /* NotificationService.appex in Embed App Extensions */,
			);
			name = "Embed App Extensions";
			runOnlyForDeploymentPostprocessing = 0;
		};
/* End PBXCopyFilesBuildPhase section */

/* Begin PBXFileReference section */
		0C33141A208F274A00405420 /* NotificationService.appex */ = {isa = PBXFileReference; explicitFileType = "wrapper.app-extension"; includeInIndex = 0; path = NotificationService.appex; sourceTree = BUILT_PRODUCTS_DIR; };
		0C33141F208F274A00405420 /* Info.plist */ = {isa = PBXFileReference; lastKnownFileType = text.plist.xml; path = Info.plist; sourceTree = "<group>"; };
		0C52714E20AEDD660047A186 /* KarteTrackerSample-Bridging-Header.h */ = {isa = PBXFileReference; lastKnownFileType = sourcecode.c.h; path = "KarteTrackerSample-Bridging-Header.h"; sourceTree = "<group>"; };
		0C52714F20AEDD670047A186 /* AppDelegate.swift */ = {isa = PBXFileReference; lastKnownFileType = sourcecode.swift; path = AppDelegate.swift; sourceTree = "<group>"; };
		0C52715120AEE35A0047A186 /* ViewController.swift */ = {isa = PBXFileReference; lastKnownFileType = sourcecode.swift; path = ViewController.swift; sourceTree = "<group>"; };
		0C52715320AEE4A70047A186 /* NotificationService-Bridging-Header.h */ = {isa = PBXFileReference; lastKnownFileType = sourcecode.c.h; path = "NotificationService-Bridging-Header.h"; sourceTree = "<group>"; };
		0C52715420AEE4A70047A186 /* NotificationService.swift */ = {isa = PBXFileReference; lastKnownFileType = sourcecode.swift; path = NotificationService.swift; sourceTree = "<group>"; };
		2D1823FC205BCFFB00783CE6 /* GoogleService-Info.plist */ = {isa = PBXFileReference; fileEncoding = 4; lastKnownFileType = text.plist.xml; path = "GoogleService-Info.plist"; sourceTree = SOURCE_ROOT; };
		2DF1DA712057B05D00CC56B0 /* KarteTrackerSample.app */ = {isa = PBXFileReference; explicitFileType = wrapper.application; includeInIndex = 0; path = KarteTrackerSample.app; sourceTree = BUILT_PRODUCTS_DIR; };
		2DF1DA7B2057B05D00CC56B0 /* Base */ = {isa = PBXFileReference; lastKnownFileType = file.storyboard; name = Base; path = Base.lproj/Main.storyboard; sourceTree = "<group>"; };
		2DF1DA7D2057B05D00CC56B0 /* Assets.xcassets */ = {isa = PBXFileReference; lastKnownFileType = folder.assetcatalog; path = Assets.xcassets; sourceTree = "<group>"; };
		2DF1DA802057B05D00CC56B0 /* Base */ = {isa = PBXFileReference; lastKnownFileType = file.storyboard; name = Base; path = Base.lproj/LaunchScreen.storyboard; sourceTree = "<group>"; };
		2DF1DA822057B05D00CC56B0 /* Info.plist */ = {isa = PBXFileReference; lastKnownFileType = text.plist.xml; path = Info.plist; sourceTree = "<group>"; };
		6C107FAB1C8C009947E50644 /* Pods-KarteTrackerSample.release.xcconfig */ = {isa = PBXFileReference; includeInIndex = 1; lastKnownFileType = text.xcconfig; name = "Pods-KarteTrackerSample.release.xcconfig"; path = "Pods/Target Support Files/Pods-KarteTrackerSample/Pods-KarteTrackerSample.release.xcconfig"; sourceTree = "<group>"; };
		91758362C86788F149EED5BD /* libPods-KarteTrackerSample.a */ = {isa = PBXFileReference; explicitFileType = archive.ar; includeInIndex = 0; path = "libPods-KarteTrackerSample.a"; sourceTree = BUILT_PRODUCTS_DIR; };
		962BE02AD43BE96E28D900FC /* Pods-KarteTrackerSample.debug.xcconfig */ = {isa = PBXFileReference; includeInIndex = 1; lastKnownFileType = text.xcconfig; name = "Pods-KarteTrackerSample.debug.xcconfig"; path = "Pods/Target Support Files/Pods-KarteTrackerSample/Pods-KarteTrackerSample.debug.xcconfig"; sourceTree = "<group>"; };
		9D5CBCEAC9D972E14813F384 /* Pods-NotificationService.debug.xcconfig */ = {isa = PBXFileReference; includeInIndex = 1; lastKnownFileType = text.xcconfig; name = "Pods-NotificationService.debug.xcconfig"; path = "Pods/Target Support Files/Pods-NotificationService/Pods-NotificationService.debug.xcconfig"; sourceTree = "<group>"; };
		9FC71B5E5177F18B804729D7 /* Pods-NotificationService.release.xcconfig */ = {isa = PBXFileReference; includeInIndex = 1; lastKnownFileType = text.xcconfig; name = "Pods-NotificationService.release.xcconfig"; path = "Pods/Target Support Files/Pods-NotificationService/Pods-NotificationService.release.xcconfig"; sourceTree = "<group>"; };
		C2BEDDF2062C9E095FBE79E5 /* libPods-NotificationService.a */ = {isa = PBXFileReference; explicitFileType = archive.ar; includeInIndex = 0; path = "libPods-NotificationService.a"; sourceTree = BUILT_PRODUCTS_DIR; };
/* End PBXFileReference section */

/* Begin PBXFrameworksBuildPhase section */
		0C331417208F274A00405420 /* Frameworks */ = {
			isa = PBXFrameworksBuildPhase;
			buildActionMask = 2147483647;
			files = (
				EC58224210921784B951A700 /* libPods-NotificationService.a in Frameworks */,
			);
			runOnlyForDeploymentPostprocessing = 0;
		};
		2DF1DA6E2057B05D00CC56B0 /* Frameworks */ = {
			isa = PBXFrameworksBuildPhase;
			buildActionMask = 2147483647;
			files = (
				C7F86DA10FD81DD2134EFE7A /* libPods-KarteTrackerSample.a in Frameworks */,
			);
			runOnlyForDeploymentPostprocessing = 0;
		};
/* End PBXFrameworksBuildPhase section */

/* Begin PBXGroup section */
		08062131323A8C3A504B9CC7 /* Frameworks */ = {
			isa = PBXGroup;
			children = (
				91758362C86788F149EED5BD /* libPods-KarteTrackerSample.a */,
				C2BEDDF2062C9E095FBE79E5 /* libPods-NotificationService.a */,
			);
			name = Frameworks;
			sourceTree = "<group>";
		};
		0C33141B208F274A00405420 /* NotificationService */ = {
			isa = PBXGroup;
			children = (
				0C52715420AEE4A70047A186 /* NotificationService.swift */,
				0C33141F208F274A00405420 /* Info.plist */,
				0C52715320AEE4A70047A186 /* NotificationService-Bridging-Header.h */,
			);
			path = NotificationService;
			sourceTree = "<group>";
		};
		2DF1DA682057B05D00CC56B0 = {
			isa = PBXGroup;
			children = (
				2DF1DA732057B05D00CC56B0 /* KarteTrackerSample */,
				0C33141B208F274A00405420 /* NotificationService */,
				2DF1DA722057B05D00CC56B0 /* Products */,
				9B8B515D2B5FC0E747CA83BC /* Pods */,
				08062131323A8C3A504B9CC7 /* Frameworks */,
			);
			sourceTree = "<group>";
		};
		2DF1DA722057B05D00CC56B0 /* Products */ = {
			isa = PBXGroup;
			children = (
				2DF1DA712057B05D00CC56B0 /* KarteTrackerSample.app */,
				0C33141A208F274A00405420 /* NotificationService.appex */,
			);
			name = Products;
			sourceTree = "<group>";
		};
		2DF1DA732057B05D00CC56B0 /* KarteTrackerSample */ = {
			isa = PBXGroup;
			children = (
				2D1823FC205BCFFB00783CE6 /* GoogleService-Info.plist */,
				0C52714F20AEDD670047A186 /* AppDelegate.swift */,
				0C52715120AEE35A0047A186 /* ViewController.swift */,
				2DF1DA7D2057B05D00CC56B0 /* Assets.xcassets */,
				2DF1DA7A2057B05D00CC56B0 /* Main.storyboard */,
				2DF1DA7F2057B05D00CC56B0 /* LaunchScreen.storyboard */,
				2DF1DA822057B05D00CC56B0 /* Info.plist */,
				0C52714E20AEDD660047A186 /* KarteTrackerSample-Bridging-Header.h */,
			);
			path = KarteTrackerSample;
			sourceTree = "<group>";
		};
		9B8B515D2B5FC0E747CA83BC /* Pods */ = {
			isa = PBXGroup;
			children = (
				962BE02AD43BE96E28D900FC /* Pods-KarteTrackerSample.debug.xcconfig */,
				6C107FAB1C8C009947E50644 /* Pods-KarteTrackerSample.release.xcconfig */,
				9D5CBCEAC9D972E14813F384 /* Pods-NotificationService.debug.xcconfig */,
				9FC71B5E5177F18B804729D7 /* Pods-NotificationService.release.xcconfig */,
			);
			name = Pods;
			sourceTree = "<group>";
		};
/* End PBXGroup section */

/* Begin PBXNativeTarget section */
		0C331419208F274A00405420 /* NotificationService */ = {
			isa = PBXNativeTarget;
			buildConfigurationList = 0C331425208F274A00405420 /* Build configuration list for PBXNativeTarget "NotificationService" */;
			buildPhases = (
				8D48B719D88A73AC26FC1D9A /* [CP] Check Pods Manifest.lock */,
				0C331416208F274A00405420 /* Sources */,
				0C331417208F274A00405420 /* Frameworks */,
				0C331418208F274A00405420 /* Resources */,
			);
			buildRules = (
			);
			dependencies = (
			);
			name = NotificationService;
			productName = NotificationService;
			productReference = 0C33141A208F274A00405420 /* NotificationService.appex */;
			productType = "com.apple.product-type.app-extension";
		};
		2DF1DA702057B05D00CC56B0 /* KarteTrackerSample */ = {
			isa = PBXNativeTarget;
			buildConfigurationList = 2DF1DA872057B05E00CC56B0 /* Build configuration list for PBXNativeTarget "KarteTrackerSample" */;
			buildPhases = (
				61276070F0887800ACE2330F /* [CP] Check Pods Manifest.lock */,
				2DF1DA6D2057B05D00CC56B0 /* Sources */,
				2DF1DA6E2057B05D00CC56B0 /* Frameworks */,
				2DF1DA6F2057B05D00CC56B0 /* Resources */,
				0C331426208F274A00405420 /* Embed App Extensions */,
				3F01E94F8C0412F2BD0E6D59 /* [CP] Copy Pods Resources */,
			);
			buildRules = (
			);
			dependencies = (
				0C331421208F274A00405420 /* PBXTargetDependency */,
			);
			name = KarteTrackerSample;
			productName = KarteTrackerSample;
			productReference = 2DF1DA712057B05D00CC56B0 /* KarteTrackerSample.app */;
			productType = "com.apple.product-type.application";
		};
/* End PBXNativeTarget section */

/* Begin PBXProject section */
		2DF1DA692057B05D00CC56B0 /* Project object */ = {
			isa = PBXProject;
			attributes = {
				LastUpgradeCheck = 0920;
				ORGANIZATIONNAME = plaid;
				TargetAttributes = {
					0C331419208F274A00405420 = {
						CreatedOnToolsVersion = 9.3;
						LastSwiftMigration = 0930;
						ProvisioningStyle = Manual;
					};
					2DF1DA702057B05D00CC56B0 = {
						CreatedOnToolsVersion = 9.2;
						LastSwiftMigration = 0930;
						ProvisioningStyle = Manual;
						SystemCapabilities = {
							com.apple.BackgroundModes = {
								enabled = 0;
							};
						};
					};
				};
			};
			buildConfigurationList = 2DF1DA6C2057B05D00CC56B0 /* Build configuration list for PBXProject "KarteTrackerSample" */;
			compatibilityVersion = "Xcode 8.0";
			developmentRegion = en;
			hasScannedForEncodings = 0;
			knownRegions = (
				en,
				Base,
			);
			mainGroup = 2DF1DA682057B05D00CC56B0;
			productRefGroup = 2DF1DA722057B05D00CC56B0 /* Products */;
			projectDirPath = "";
			projectRoot = "";
			targets = (
				2DF1DA702057B05D00CC56B0 /* KarteTrackerSample */,
				0C331419208F274A00405420 /* NotificationService */,
			);
		};
/* End PBXProject section */

/* Begin PBXResourcesBuildPhase section */
		0C331418208F274A00405420 /* Resources */ = {
			isa = PBXResourcesBuildPhase;
			buildActionMask = 2147483647;
			files = (
			);
			runOnlyForDeploymentPostprocessing = 0;
		};
		2DF1DA6F2057B05D00CC56B0 /* Resources */ = {
			isa = PBXResourcesBuildPhase;
			buildActionMask = 2147483647;
			files = (
				2DF1DA812057B05D00CC56B0 /* LaunchScreen.storyboard in Resources */,
				0C52715620AEE6540047A186 /* GoogleService-Info.plist in Resources */,
				2DF1DA7E2057B05D00CC56B0 /* Assets.xcassets in Resources */,
				2DF1DA7C2057B05D00CC56B0 /* Main.storyboard in Resources */,
			);
			runOnlyForDeploymentPostprocessing = 0;
		};
/* End PBXResourcesBuildPhase section */

/* Begin PBXShellScriptBuildPhase section */
		3F01E94F8C0412F2BD0E6D59 /* [CP] Copy Pods Resources */ = {
			isa = PBXShellScriptBuildPhase;
			buildActionMask = 2147483647;
			files = (
			);
			inputPaths = (
				"${SRCROOT}/Pods/Target Support Files/Pods-KarteTrackerSample/Pods-KarteTrackerSample-resources.sh",
				"${PODS_ROOT}/KarteTracker/KarteTracker.embeddedframework/Resources/KarteTrackerResources.bundle",
			);
			name = "[CP] Copy Pods Resources";
			outputPaths = (
				"${TARGET_BUILD_DIR}/${UNLOCALIZED_RESOURCES_FOLDER_PATH}/KarteTrackerResources.bundle",
			);
			runOnlyForDeploymentPostprocessing = 0;
			shellPath = /bin/sh;
			shellScript = "\"${SRCROOT}/Pods/Target Support Files/Pods-KarteTrackerSample/Pods-KarteTrackerSample-resources.sh\"\n";
			showEnvVarsInLog = 0;
		};
		61276070F0887800ACE2330F /* [CP] Check Pods Manifest.lock */ = {
			isa = PBXShellScriptBuildPhase;
			buildActionMask = 2147483647;
			files = (
			);
			inputPaths = (
				"${PODS_PODFILE_DIR_PATH}/Podfile.lock",
				"${PODS_ROOT}/Manifest.lock",
			);
			name = "[CP] Check Pods Manifest.lock";
			outputPaths = (
				"$(DERIVED_FILE_DIR)/Pods-KarteTrackerSample-checkManifestLockResult.txt",
			);
			runOnlyForDeploymentPostprocessing = 0;
			shellPath = /bin/sh;
			shellScript = "diff \"${PODS_PODFILE_DIR_PATH}/Podfile.lock\" \"${PODS_ROOT}/Manifest.lock\" > /dev/null\nif [ $? != 0 ] ; then\n    # print error to STDERR\n    echo \"error: The sandbox is not in sync with the Podfile.lock. Run 'pod install' or update your CocoaPods installation.\" >&2\n    exit 1\nfi\n# This output is used by Xcode 'outputs' to avoid re-running this script phase.\necho \"SUCCESS\" > \"${SCRIPT_OUTPUT_FILE_0}\"\n";
			showEnvVarsInLog = 0;
		};
		8D48B719D88A73AC26FC1D9A /* [CP] Check Pods Manifest.lock */ = {
			isa = PBXShellScriptBuildPhase;
			buildActionMask = 2147483647;
			files = (
			);
			inputPaths = (
				"${PODS_PODFILE_DIR_PATH}/Podfile.lock",
				"${PODS_ROOT}/Manifest.lock",
			);
			name = "[CP] Check Pods Manifest.lock";
			outputPaths = (
				"$(DERIVED_FILE_DIR)/Pods-NotificationService-checkManifestLockResult.txt",
			);
			runOnlyForDeploymentPostprocessing = 0;
			shellPath = /bin/sh;
			shellScript = "diff \"${PODS_PODFILE_DIR_PATH}/Podfile.lock\" \"${PODS_ROOT}/Manifest.lock\" > /dev/null\nif [ $? != 0 ] ; then\n    # print error to STDERR\n    echo \"error: The sandbox is not in sync with the Podfile.lock. Run 'pod install' or update your CocoaPods installation.\" >&2\n    exit 1\nfi\n# This output is used by Xcode 'outputs' to avoid re-running this script phase.\necho \"SUCCESS\" > \"${SCRIPT_OUTPUT_FILE_0}\"\n";
			showEnvVarsInLog = 0;
		};
/* End PBXShellScriptBuildPhase section */

/* Begin PBXSourcesBuildPhase section */
		0C331416208F274A00405420 /* Sources */ = {
			isa = PBXSourcesBuildPhase;
			buildActionMask = 2147483647;
			files = (
				0C52715520AEE4A70047A186 /* NotificationService.swift in Sources */,
			);
			runOnlyForDeploymentPostprocessing = 0;
		};
		2DF1DA6D2057B05D00CC56B0 /* Sources */ = {
			isa = PBXSourcesBuildPhase;
			buildActionMask = 2147483647;
			files = (
				0C52715020AEDD670047A186 /* AppDelegate.swift in Sources */,
				0C52715220AEE35A0047A186 /* ViewController.swift in Sources */,
			);
			runOnlyForDeploymentPostprocessing = 0;
		};
/* End PBXSourcesBuildPhase section */

/* Begin PBXTargetDependency section */
		0C331421208F274A00405420 /* PBXTargetDependency */ = {
			isa = PBXTargetDependency;
			target = 0C331419208F274A00405420 /* NotificationService */;
			targetProxy = 0C331420208F274A00405420 /* PBXContainerItemProxy */;
		};
/* End PBXTargetDependency section */

/* Begin PBXVariantGroup section */
		2DF1DA7A2057B05D00CC56B0 /* Main.storyboard */ = {
			isa = PBXVariantGroup;
			children = (
				2DF1DA7B2057B05D00CC56B0 /* Base */,
			);
			name = Main.storyboard;
			sourceTree = "<group>";
		};
		2DF1DA7F2057B05D00CC56B0 /* LaunchScreen.storyboard */ = {
			isa = PBXVariantGroup;
			children = (
				2DF1DA802057B05D00CC56B0 /* Base */,
			);
			name = LaunchScreen.storyboard;
			sourceTree = "<group>";
		};
/* End PBXVariantGroup section */

/* Begin XCBuildConfiguration section */
		0C331423208F274A00405420 /* Debug */ = {
			isa = XCBuildConfiguration;
			baseConfigurationReference = 9D5CBCEAC9D972E14813F384 /* Pods-NotificationService.debug.xcconfig */;
			buildSettings = {
				CLANG_ENABLE_MODULES = YES;
				CLANG_ENABLE_OBJC_WEAK = YES;
				CLANG_WARN_DEPRECATED_OBJC_IMPLEMENTATIONS = YES;
				CLANG_WARN_OBJC_IMPLICIT_RETAIN_SELF = YES;
				CODE_SIGN_STYLE = Manual;
				DEVELOPMENT_TEAM = "";
				INFOPLIST_FILE = NotificationService/Info.plist;
				IPHONEOS_DEPLOYMENT_TARGET = 11.3;
				LD_RUNPATH_SEARCH_PATHS = "$(inherited) @executable_path/Frameworks @executable_path/../../Frameworks";
				PRODUCT_BUNDLE_IDENTIFIER = io.karte.tracker.ios.sample.NotificationService;
				PRODUCT_NAME = "$(TARGET_NAME)";
				PROVISIONING_PROFILE_SPECIFIER = "";
				SKIP_INSTALL = YES;
				SWIFT_OBJC_BRIDGING_HEADER = "NotificationService/NotificationService-Bridging-Header.h";
				SWIFT_OPTIMIZATION_LEVEL = "-Onone";
				SWIFT_VERSION = 3.0;
				TARGETED_DEVICE_FAMILY = "1,2";
			};
			name = Debug;
		};
		0C331424208F274A00405420 /* Release */ = {
			isa = XCBuildConfiguration;
			baseConfigurationReference = 9FC71B5E5177F18B804729D7 /* Pods-NotificationService.release.xcconfig */;
			buildSettings = {
				CLANG_ENABLE_MODULES = YES;
				CLANG_ENABLE_OBJC_WEAK = YES;
				CLANG_WARN_DEPRECATED_OBJC_IMPLEMENTATIONS = YES;
				CLANG_WARN_OBJC_IMPLICIT_RETAIN_SELF = YES;
				CODE_SIGN_STYLE = Manual;
				DEVELOPMENT_TEAM = "";
				INFOPLIST_FILE = NotificationService/Info.plist;
				IPHONEOS_DEPLOYMENT_TARGET = 11.3;
				LD_RUNPATH_SEARCH_PATHS = "$(inherited) @executable_path/Frameworks @executable_path/../../Frameworks";
				PRODUCT_BUNDLE_IDENTIFIER = io.karte.tracker.ios.sample.NotificationService;
				PRODUCT_NAME = "$(TARGET_NAME)";
				PROVISIONING_PROFILE_SPECIFIER = "";
				SKIP_INSTALL = YES;
				SWIFT_OBJC_BRIDGING_HEADER = "NotificationService/NotificationService-Bridging-Header.h";
				SWIFT_VERSION = 3.0;
				TARGETED_DEVICE_FAMILY = "1,2";
			};
			name = Release;
		};
		2DF1DA852057B05E00CC56B0 /* Debug */ = {
			isa = XCBuildConfiguration;
			buildSettings = {
				ALWAYS_SEARCH_USER_PATHS = NO;
				CLANG_ANALYZER_NONNULL = YES;
				CLANG_ANALYZER_NUMBER_OBJECT_CONVERSION = YES_AGGRESSIVE;
				CLANG_CXX_LANGUAGE_STANDARD = "gnu++14";
				CLANG_CXX_LIBRARY = "libc++";
				CLANG_ENABLE_MODULES = YES;
				CLANG_ENABLE_OBJC_ARC = YES;
				CLANG_WARN_BLOCK_CAPTURE_AUTORELEASING = YES;
				CLANG_WARN_BOOL_CONVERSION = YES;
				CLANG_WARN_COMMA = YES;
				CLANG_WARN_CONSTANT_CONVERSION = YES;
				CLANG_WARN_DIRECT_OBJC_ISA_USAGE = YES_ERROR;
				CLANG_WARN_DOCUMENTATION_COMMENTS = YES;
				CLANG_WARN_EMPTY_BODY = YES;
				CLANG_WARN_ENUM_CONVERSION = YES;
				CLANG_WARN_INFINITE_RECURSION = YES;
				CLANG_WARN_INT_CONVERSION = YES;
				CLANG_WARN_NON_LITERAL_NULL_CONVERSION = YES;
				CLANG_WARN_OBJC_LITERAL_CONVERSION = YES;
				CLANG_WARN_OBJC_ROOT_CLASS = YES_ERROR;
				CLANG_WARN_RANGE_LOOP_ANALYSIS = YES;
				CLANG_WARN_STRICT_PROTOTYPES = YES;
				CLANG_WARN_SUSPICIOUS_MOVE = YES;
				CLANG_WARN_UNGUARDED_AVAILABILITY = YES_AGGRESSIVE;
				CLANG_WARN_UNREACHABLE_CODE = YES;
				CLANG_WARN__DUPLICATE_METHOD_MATCH = YES;
				CODE_SIGN_IDENTITY = "iPhone Developer";
				COPY_PHASE_STRIP = NO;
				DEBUG_INFORMATION_FORMAT = dwarf;
				ENABLE_STRICT_OBJC_MSGSEND = YES;
				ENABLE_TESTABILITY = YES;
				GCC_C_LANGUAGE_STANDARD = gnu11;
				GCC_DYNAMIC_NO_PIC = NO;
				GCC_NO_COMMON_BLOCKS = YES;
				GCC_OPTIMIZATION_LEVEL = 0;
				GCC_PREPROCESSOR_DEFINITIONS = (
					"DEBUG=1",
					"$(inherited)",
				);
				GCC_WARN_64_TO_32_BIT_CONVERSION = YES;
				GCC_WARN_ABOUT_RETURN_TYPE = YES_ERROR;
				GCC_WARN_UNDECLARED_SELECTOR = YES;
				GCC_WARN_UNINITIALIZED_AUTOS = YES_AGGRESSIVE;
				GCC_WARN_UNUSED_FUNCTION = YES;
				GCC_WARN_UNUSED_VARIABLE = YES;
				IPHONEOS_DEPLOYMENT_TARGET = 11.2;
				MTL_ENABLE_DEBUG_INFO = YES;
				ONLY_ACTIVE_ARCH = YES;
				SDKROOT = iphoneos;
			};
			name = Debug;
		};
		2DF1DA862057B05E00CC56B0 /* Release */ = {
			isa = XCBuildConfiguration;
			buildSettings = {
				ALWAYS_SEARCH_USER_PATHS = NO;
				CLANG_ANALYZER_NONNULL = YES;
				CLANG_ANALYZER_NUMBER_OBJECT_CONVERSION = YES_AGGRESSIVE;
				CLANG_CXX_LANGUAGE_STANDARD = "gnu++14";
				CLANG_CXX_LIBRARY = "libc++";
				CLANG_ENABLE_MODULES = YES;
				CLANG_ENABLE_OBJC_ARC = YES;
				CLANG_WARN_BLOCK_CAPTURE_AUTORELEASING = YES;
				CLANG_WARN_BOOL_CONVERSION = YES;
				CLANG_WARN_COMMA = YES;
				CLANG_WARN_CONSTANT_CONVERSION = YES;
				CLANG_WARN_DIRECT_OBJC_ISA_USAGE = YES_ERROR;
				CLANG_WARN_DOCUMENTATION_COMMENTS = YES;
				CLANG_WARN_EMPTY_BODY = YES;
				CLANG_WARN_ENUM_CONVERSION = YES;
				CLANG_WARN_INFINITE_RECURSION = YES;
				CLANG_WARN_INT_CONVERSION = YES;
				CLANG_WARN_NON_LITERAL_NULL_CONVERSION = YES;
				CLANG_WARN_OBJC_LITERAL_CONVERSION = YES;
				CLANG_WARN_OBJC_ROOT_CLASS = YES_ERROR;
				CLANG_WARN_RANGE_LOOP_ANALYSIS = YES;
				CLANG_WARN_STRICT_PROTOTYPES = YES;
				CLANG_WARN_SUSPICIOUS_MOVE = YES;
				CLANG_WARN_UNGUARDED_AVAILABILITY = YES_AGGRESSIVE;
				CLANG_WARN_UNREACHABLE_CODE = YES;
				CLANG_WARN__DUPLICATE_METHOD_MATCH = YES;
				CODE_SIGN_IDENTITY = "iPhone Developer";
				COPY_PHASE_STRIP = NO;
				DEBUG_INFORMATION_FORMAT = "dwarf-with-dsym";
				ENABLE_NS_ASSERTIONS = NO;
				ENABLE_STRICT_OBJC_MSGSEND = YES;
				GCC_C_LANGUAGE_STANDARD = gnu11;
				GCC_NO_COMMON_BLOCKS = YES;
				GCC_WARN_64_TO_32_BIT_CONVERSION = YES;
				GCC_WARN_ABOUT_RETURN_TYPE = YES_ERROR;
				GCC_WARN_UNDECLARED_SELECTOR = YES;
				GCC_WARN_UNINITIALIZED_AUTOS = YES_AGGRESSIVE;
				GCC_WARN_UNUSED_FUNCTION = YES;
				GCC_WARN_UNUSED_VARIABLE = YES;
				IPHONEOS_DEPLOYMENT_TARGET = 11.2;
				MTL_ENABLE_DEBUG_INFO = NO;
				SDKROOT = iphoneos;
				VALIDATE_PRODUCT = YES;
			};
			name = Release;
		};
		2DF1DA882057B05E00CC56B0 /* Debug */ = {
			isa = XCBuildConfiguration;
			baseConfigurationReference = 962BE02AD43BE96E28D900FC /* Pods-KarteTrackerSample.debug.xcconfig */;
			buildSettings = {
				ALWAYS_EMBED_SWIFT_STANDARD_LIBRARIES = YES;
				ASSETCATALOG_COMPILER_APPICON_NAME = AppIcon;
				CLANG_ENABLE_MODULES = YES;
				CODE_SIGN_STYLE = Manual;
				DEVELOPMENT_TEAM = "";
				FRAMEWORK_SEARCH_PATHS = (
					"$(inherited)",
					"\"${PODS_ROOT}/KarteTracker\"",
					"\"${PODS_ROOT}/Firebase\"",
				);
				INFOPLIST_FILE = KarteTrackerSample/Info.plist;
				LD_RUNPATH_SEARCH_PATHS = "$(inherited) @executable_path/Frameworks";
				PRODUCT_BUNDLE_IDENTIFIER = io.karte.tracker.ios.sample;
				PRODUCT_NAME = "$(TARGET_NAME)";
				PROVISIONING_PROFILE_SPECIFIER = "";
				SWIFT_OBJC_BRIDGING_HEADER = "KarteTrackerSample/KarteTrackerSample-Bridging-Header.h";
				SWIFT_OPTIMIZATION_LEVEL = "-Onone";
				SWIFT_VERSION = 3.0;
				TARGETED_DEVICE_FAMILY = "1,2";
				USER_HEADER_SEARCH_PATHS = "$(inherited)";
			};
			name = Debug;
		};
		2DF1DA892057B05E00CC56B0 /* Release */ = {
			isa = XCBuildConfiguration;
			baseConfigurationReference = 6C107FAB1C8C009947E50644 /* Pods-KarteTrackerSample.release.xcconfig */;
			buildSettings = {
				ALWAYS_EMBED_SWIFT_STANDARD_LIBRARIES = YES;
				ASSETCATALOG_COMPILER_APPICON_NAME = AppIcon;
				CLANG_ENABLE_MODULES = YES;
				CODE_SIGN_STYLE = Manual;
				DEVELOPMENT_TEAM = "";
				FRAMEWORK_SEARCH_PATHS = (
					"$(inherited)",
					"\"${PODS_ROOT}/KarteTracker\"",
					"\"${PODS_ROOT}/Firebase\"",
				);
				INFOPLIST_FILE = KarteTrackerSample/Info.plist;
				LD_RUNPATH_SEARCH_PATHS = "$(inherited) @executable_path/Frameworks";
				PRODUCT_BUNDLE_IDENTIFIER = io.karte.tracker.ios.sample;
				PRODUCT_NAME = "$(TARGET_NAME)";
				PROVISIONING_PROFILE_SPECIFIER = "";
				SWIFT_OBJC_BRIDGING_HEADER = "KarteTrackerSample/KarteTrackerSample-Bridging-Header.h";
				SWIFT_VERSION = 3.0;
				TARGETED_DEVICE_FAMILY = "1,2";
				USER_HEADER_SEARCH_PATHS = " $(inherited)";
			};
			name = Release;
		};
/* End XCBuildConfiguration section */

/* Begin XCConfigurationList section */
		0C331425208F274A00405420 /* Build configuration list for PBXNativeTarget "NotificationService" */ = {
			isa = XCConfigurationList;
			buildConfigurations = (
				0C331423208F274A00405420 /* Debug */,
				0C331424208F274A00405420 /* Release */,
			);
			defaultConfigurationIsVisible = 0;
			defaultConfigurationName = Release;
		};
		2DF1DA6C2057B05D00CC56B0 /* Build configuration list for PBXProject "KarteTrackerSample" */ = {
			isa = XCConfigurationList;
			buildConfigurations = (
				2DF1DA852057B05E00CC56B0 /* Debug */,
				2DF1DA862057B05E00CC56B0 /* Release */,
			);
			defaultConfigurationIsVisible = 0;
			defaultConfigurationName = Release;
		};
		2DF1DA872057B05E00CC56B0 /* Build configuration list for PBXNativeTarget "KarteTrackerSample" */ = {
			isa = XCConfigurationList;
			buildConfigurations = (
				2DF1DA882057B05E00CC56B0 /* Debug */,
				2DF1DA892057B05E00CC56B0 /* Release */,
			);
			defaultConfigurationIsVisible = 0;
			defaultConfigurationName = Release;
		};
/* End XCConfigurationList section */
	};
	rootObject = 2DF1DA692057B05D00CC56B0 /* Project object */;
}
